
Microsoft Visual Studio Solution File, Format Version 12.00
# Visual Studio 15
VisualStudioVersion = 15.0.28307.489
MinimumVisualStudioVersion = 10.0.40219.1
Project("{FAE04EC0-301F-11D3-BF4B-00C04F79EFBC}") = "HassanFoods", "HassanFoods\HassanFoods.csproj", "{66C4D334-2CC0-4827-9CAC-1B426559E837}"
EndProject
Project("{54435603-DBB4-11D2-8724-00A0C9A8B90C}") = "hasssanfoodssetup", "hasssanfoodssetup\hasssanfoodssetup.vdproj", "{9E02D25A-F6CE-462E-9937-0AD807F79800}"
EndProject
Global
	GlobalSection(SolutionConfigurationPlatforms) = preSolution
		Debug|Any CPU = Debug|Any CPU
		Release|Any CPU = Release|Any CPU
	EndGlobalSection
	GlobalSection(ProjectConfigurationPlatforms) = postSolution
		{66C4D334-2CC0-4827-9CAC-1B426559E837}.Debug|Any CPU.ActiveCfg = Debug|Any CPU
		{66C4D334-2CC0-4827-9CAC-1B426559E837}.Debug|Any CPU.Build.0 = Debug|Any CPU
		{66C4D334-2CC0-4827-9CAC-1B426559E837}.Release|Any CPU.ActiveCfg = Release|Any CPU
		{66C4D334-2CC0-4827-9CAC-1B426559E837}.Release|Any CPU.Build.0 = Release|Any CPU
		{9E02D25A-F6CE-462E-9937-0AD807F79800}.Debug|Any CPU.ActiveCfg = Debug
		{9E02D25A-F6CE-462E-9937-0AD807F79800}.Release|Any CPU.ActiveCfg = Release
	EndGlobalSection
	GlobalSection(SolutionProperties) = preSolution
		HideSolutionNode = FALSE
	EndGlobalSection
	GlobalSection(ExtensibilityGlobals) = postSolution
		SolutionGuid = {18CD3A40-DBA0-48D7-8BF8-1E339BEE993F}
	EndGlobalSection
EndGlobal
